schema: '2.0'
stages:
  preprocess:
    cmd: python preprocess.py
    deps:
    - path: data.csv
      hash: md5
      md5: 202ce53300887974dd84cb12940060ba
      size: 68
    - path: preprocess.py
      hash: md5
      md5: b74e034e3264d9f742c77da31bf436c0
      size: 148
    outs:
    - path: processed_data.csv
      hash: md5
      md5: 5670ae7abab9850eba34648dfa311349
      size: 76
  train:
    cmd: python train.py
    deps:
    - path: processed_data.csv
      hash: md5
      md5: 5670ae7abab9850eba34648dfa311349
      size: 76
    - path: train.py
      hash: md5
      md5: 214813116b653211409e5127e5dbd69b
      size: 168
    outs:
    - path: model.txt
      hash: md5
      md5: c4232b648bc3c6bdd5ae678079a03a5b
      size: 31
